
Microsoft Visual Studio Solution File, Format Version 12.00
# Visual Studio Version 16
VisualStudioVersion = 25.0.1705.4
MinimumVisualStudioVersion = 10.0.40219.1
Project("{FAE04EC0-301F-11D3-BF4B-00C04F79EFBC}") = "CredentialManager", "CredentialManager.csproj", "{A12BE710-46BA-406F-9ED2-5A3F8731082F}"
EndProject
Global
	GlobalSection(SolutionConfigurationPlatforms) = preSolution
		Debug|Any CPU = Debug|Any CPU
		Release|Any CPU = Release|Any CPU
	EndGlobalSection
	GlobalSection(ProjectConfigurationPlatforms) = postSolution
		{A12BE710-46BA-406F-9ED2-5A3F8731082F}.Debug|Any CPU.ActiveCfg = Debug|Any CPU
		{A12BE710-46BA-406F-9ED2-5A3F8731082F}.Debug|Any CPU.Build.0 = Debug|Any CPU
		{A12BE710-46BA-406F-9ED2-5A3F8731082F}.Release|Any CPU.ActiveCfg = Release|Any CPU
		{A12BE710-46BA-406F-9ED2-5A3F8731082F}.Release|Any CPU.Build.0 = Release|Any CPU
	EndGlobalSection
	GlobalSection(SolutionProperties) = preSolution
		HideSolutionNode = FALSE
	EndGlobalSection
	GlobalSection(ExtensibilityGlobals) = postSolution
		SolutionGuid = {E12F90F6-E3C7-4032-9750-B795D37019CB}
	EndGlobalSection
EndGlobal
