
Microsoft Visual Studio Solution File, Format Version 12.00
# Visual Studio Version 16
VisualStudioVersion = 25.0.1705.4
MinimumVisualStudioVersion = 10.0.40219.1
Project("{FAE04EC0-301F-11D3-BF4B-00C04F79EFBC}") = "CredentialManager", "CredentialManager.csproj", "{A12BE710-46BA-406F-9ED2-5A3F8731082F}"
EndProject
Project("{FAE04EC0-301F-11D3-BF4B-00C04F79EFBC}") = "CredentialManagerDb", "..\CredentialManagerDb\CredentialManagerDb.csproj", "{998672DD-F413-4348-99F8-38C8B3E3DD93}"
EndProject
Project("{FAE04EC0-301F-11D3-BF4B-00C04F79EFBC}") = "Application", "..\Application\Application.csproj", "{CE337341-55DB-4586-A67B-A5A23DBF28A0}"
EndProject
Project("{FAE04EC0-301F-11D3-BF4B-00C04F79EFBC}") = "CredentialManagerCSV", "..\CredentialManagerCSV\CredentialManagerCSV.csproj", "{0C8BC0EC-3437-4D6A-9D28-35CA5AF50EF5}"
EndProject
Project("{2150E333-8FDC-42A3-9474-1A3956D46DE8}") = "New Folder", "New Folder", "{0F31BBAC-8BC9-425E-9C93-FC2D2D440168}"
EndProject
Project("{FAE04EC0-301F-11D3-BF4B-00C04F79EFBC}") = "CredentialManagerInteraction", "..\CredentialManagerInteraction\CredentialManagerInteraction.csproj", "{884E0D90-E426-4DF2-91C6-EB5159EF5AB8}"
EndProject
Global
	GlobalSection(SolutionConfigurationPlatforms) = preSolution
		Debug|Any CPU = Debug|Any CPU
		Release|Any CPU = Release|Any CPU
	EndGlobalSection
	GlobalSection(ProjectConfigurationPlatforms) = postSolution
		{A12BE710-46BA-406F-9ED2-5A3F8731082F}.Debug|Any CPU.ActiveCfg = Debug|Any CPU
		{A12BE710-46BA-406F-9ED2-5A3F8731082F}.Debug|Any CPU.Build.0 = Debug|Any CPU
		{A12BE710-46BA-406F-9ED2-5A3F8731082F}.Release|Any CPU.ActiveCfg = Release|Any CPU
		{A12BE710-46BA-406F-9ED2-5A3F8731082F}.Release|Any CPU.Build.0 = Release|Any CPU
		{998672DD-F413-4348-99F8-38C8B3E3DD93}.Debug|Any CPU.ActiveCfg = Debug|Any CPU
		{998672DD-F413-4348-99F8-38C8B3E3DD93}.Debug|Any CPU.Build.0 = Debug|Any CPU
		{998672DD-F413-4348-99F8-38C8B3E3DD93}.Release|Any CPU.ActiveCfg = Release|Any CPU
		{998672DD-F413-4348-99F8-38C8B3E3DD93}.Release|Any CPU.Build.0 = Release|Any CPU
		{CE337341-55DB-4586-A67B-A5A23DBF28A0}.Debug|Any CPU.ActiveCfg = Debug|Any CPU
		{CE337341-55DB-4586-A67B-A5A23DBF28A0}.Debug|Any CPU.Build.0 = Debug|Any CPU
		{CE337341-55DB-4586-A67B-A5A23DBF28A0}.Release|Any CPU.ActiveCfg = Release|Any CPU
		{CE337341-55DB-4586-A67B-A5A23DBF28A0}.Release|Any CPU.Build.0 = Release|Any CPU
		{0C8BC0EC-3437-4D6A-9D28-35CA5AF50EF5}.Debug|Any CPU.ActiveCfg = Debug|Any CPU
		{0C8BC0EC-3437-4D6A-9D28-35CA5AF50EF5}.Debug|Any CPU.Build.0 = Debug|Any CPU
		{0C8BC0EC-3437-4D6A-9D28-35CA5AF50EF5}.Release|Any CPU.ActiveCfg = Release|Any CPU
		{0C8BC0EC-3437-4D6A-9D28-35CA5AF50EF5}.Release|Any CPU.Build.0 = Release|Any CPU
		{884E0D90-E426-4DF2-91C6-EB5159EF5AB8}.Debug|Any CPU.ActiveCfg = Debug|Any CPU
		{884E0D90-E426-4DF2-91C6-EB5159EF5AB8}.Debug|Any CPU.Build.0 = Debug|Any CPU
		{884E0D90-E426-4DF2-91C6-EB5159EF5AB8}.Release|Any CPU.ActiveCfg = Release|Any CPU
		{884E0D90-E426-4DF2-91C6-EB5159EF5AB8}.Release|Any CPU.Build.0 = Release|Any CPU
	EndGlobalSection
	GlobalSection(SolutionProperties) = preSolution
		HideSolutionNode = FALSE
	EndGlobalSection
	GlobalSection(ExtensibilityGlobals) = postSolution
		SolutionGuid = {E12F90F6-E3C7-4032-9750-B795D37019CB}
	EndGlobalSection
EndGlobal
